
Microsoft Visual Studio Solution File, Format Version 12.00
# Visual Studio Version 17
VisualStudioVersion = 17.2.32630.192
MinimumVisualStudioVersion = 10.0.40219.1
Project("{FAE04EC0-301F-11D3-BF4B-00C04F79EFBC}") = "XorStringsNET", "XorStringsNET\XorStringsNET.csproj", "{2859EED9-2C4C-45F7-A028-A5468C248B63}"
EndProject
Project("{FAE04EC0-301F-11D3-BF4B-00C04F79EFBC}") = "Runtime", "Runtime\Runtime.csproj", "{6C7CAA6B-3101-4FD3-A6CE-E6439D49C0F5}"
EndProject
Global
	GlobalSection(SolutionConfigurationPlatforms) = preSolution
		Debug|Any CPU = Debug|Any CPU
		Release|Any CPU = Release|Any CPU
	EndGlobalSection
	GlobalSection(ProjectConfigurationPlatforms) = postSolution
		{2859EED9-2C4C-45F7-A028-A5468C248B63}.Debug|Any CPU.ActiveCfg = Debug|Any CPU
		{2859EED9-2C4C-45F7-A028-A5468C248B63}.Debug|Any CPU.Build.0 = Debug|Any CPU
		{2859EED9-2C4C-45F7-A028-A5468C248B63}.Release|Any CPU.ActiveCfg = Release|Any CPU
		{2859EED9-2C4C-45F7-A028-A5468C248B63}.Release|Any CPU.Build.0 = Release|Any CPU
		{6C7CAA6B-3101-4FD3-A6CE-E6439D49C0F5}.Debug|Any CPU.ActiveCfg = Debug|Any CPU
		{6C7CAA6B-3101-4FD3-A6CE-E6439D49C0F5}.Debug|Any CPU.Build.0 = Debug|Any CPU
		{6C7CAA6B-3101-4FD3-A6CE-E6439D49C0F5}.Release|Any CPU.ActiveCfg = Release|Any CPU
		{6C7CAA6B-3101-4FD3-A6CE-E6439D49C0F5}.Release|Any CPU.Build.0 = Release|Any CPU
	EndGlobalSection
	GlobalSection(SolutionProperties) = preSolution
		HideSolutionNode = FALSE
	EndGlobalSection
	GlobalSection(ExtensibilityGlobals) = postSolution
		SolutionGuid = {70CF4973-6E60-4165-8472-BA0453A13CA3}
	EndGlobalSection
EndGlobal
